
Microsoft Visual Studio Solution File, Format Version 12.00
# Visual Studio Version 17
VisualStudioVersion = 17.14.36401.2 d17.14
MinimumVisualStudioVersion = 10.0.40219.1
Project("{FAE04EC0-301F-11D3-BF4B-00C04F79EFBC}") = "BankAccount", "BankAccount\BankAccount.csproj", "{0E7A5236-2FB5-4B23-B33E-F35E57CB2AAA}"
EndProject
Project("{FAE04EC0-301F-11D3-BF4B-00C04F79EFBC}") = "BankAccountTests", "BankAccountTests\BankAccountTests.csproj", "{4D51B172-0244-42B4-BBD8-22E80202DD10}"
EndProject
Global
	GlobalSection(SolutionConfigurationPlatforms) = preSolution
		Debug|Any CPU = Debug|Any CPU
		Release|Any CPU = Release|Any CPU
	EndGlobalSection
	GlobalSection(ProjectConfigurationPlatforms) = postSolution
		{0E7A5236-2FB5-4B23-B33E-F35E57CB2AAA}.Debug|Any CPU.ActiveCfg = Debug|Any CPU
		{0E7A5236-2FB5-4B23-B33E-F35E57CB2AAA}.Debug|Any CPU.Build.0 = Debug|Any CPU
		{0E7A5236-2FB5-4B23-B33E-F35E57CB2AAA}.Release|Any CPU.ActiveCfg = Release|Any CPU
		{0E7A5236-2FB5-4B23-B33E-F35E57CB2AAA}.Release|Any CPU.Build.0 = Release|Any CPU
		{4D51B172-0244-42B4-BBD8-22E80202DD10}.Debug|Any CPU.ActiveCfg = Debug|Any CPU
		{4D51B172-0244-42B4-BBD8-22E80202DD10}.Debug|Any CPU.Build.0 = Debug|Any CPU
		{4D51B172-0244-42B4-BBD8-22E80202DD10}.Release|Any CPU.ActiveCfg = Release|Any CPU
		{4D51B172-0244-42B4-BBD8-22E80202DD10}.Release|Any CPU.Build.0 = Release|Any CPU
	EndGlobalSection
	GlobalSection(SolutionProperties) = preSolution
		HideSolutionNode = FALSE
	EndGlobalSection
	GlobalSection(ExtensibilityGlobals) = postSolution
		SolutionGuid = {E1697406-561B-4E3B-9DF7-5C4C10CCE423}
	EndGlobalSection
EndGlobal
